
Microsoft Visual Studio Solution File, Format Version 12.00
# Visual Studio Version 17
VisualStudioVersion = 17.14.36414.22
MinimumVisualStudioVersion = 10.0.40219.1
Project("{FAE04EC0-301F-11D3-BF4B-00C04F79EFBC}") = "Cleverence2", "Cleverence2\Cleverence2.csproj", "{ECCDD5F0-25B3-4F26-83C5-524AF9F695F3}"
EndProject
Project("{FAE04EC0-301F-11D3-BF4B-00C04F79EFBC}") = "Cleverence2.Tests", "Cleverence2.Tests\Cleverence2.Tests.csproj", "{C299E3EF-BFDA-4886-AD2D-2ED7972679C4}"
EndProject
Global
	GlobalSection(SolutionConfigurationPlatforms) = preSolution
		Debug|Any CPU = Debug|Any CPU
		Release|Any CPU = Release|Any CPU
	EndGlobalSection
	GlobalSection(ProjectConfigurationPlatforms) = postSolution
		{ECCDD5F0-25B3-4F26-83C5-524AF9F695F3}.Debug|Any CPU.ActiveCfg = Debug|Any CPU
		{ECCDD5F0-25B3-4F26-83C5-524AF9F695F3}.Debug|Any CPU.Build.0 = Debug|Any CPU
		{ECCDD5F0-25B3-4F26-83C5-524AF9F695F3}.Release|Any CPU.ActiveCfg = Release|Any CPU
		{ECCDD5F0-25B3-4F26-83C5-524AF9F695F3}.Release|Any CPU.Build.0 = Release|Any CPU
		{C299E3EF-BFDA-4886-AD2D-2ED7972679C4}.Debug|Any CPU.ActiveCfg = Debug|Any CPU
		{C299E3EF-BFDA-4886-AD2D-2ED7972679C4}.Debug|Any CPU.Build.0 = Debug|Any CPU
		{C299E3EF-BFDA-4886-AD2D-2ED7972679C4}.Release|Any CPU.ActiveCfg = Release|Any CPU
		{C299E3EF-BFDA-4886-AD2D-2ED7972679C4}.Release|Any CPU.Build.0 = Release|Any CPU
	EndGlobalSection
	GlobalSection(SolutionProperties) = preSolution
		HideSolutionNode = FALSE
	EndGlobalSection
	GlobalSection(ExtensibilityGlobals) = postSolution
		SolutionGuid = {13BE4D25-F345-42CB-9DEE-A0D22ACCF5F1}
	EndGlobalSection
EndGlobal
